
Microsoft Visual Studio Solution File, Format Version 12.00
# Visual Studio Version 17
VisualStudioVersion = 17.14.36301.6 d17.14
MinimumVisualStudioVersion = 10.0.40219.1
Project("{FAE04EC0-301F-11D3-BF4B-00C04F79EFBC}") = "Casino", "Casino\Casino.csproj", "{4EDAB937-CE9C-42C2-83E7-FF4B1B66B5DA}"
EndProject
Global
	GlobalSection(SolutionConfigurationPlatforms) = preSolution
		Debug|Any CPU = Debug|Any CPU
		Release|Any CPU = Release|Any CPU
	EndGlobalSection
	GlobalSection(ProjectConfigurationPlatforms) = postSolution
		{4EDAB937-CE9C-42C2-83E7-FF4B1B66B5DA}.Debug|Any CPU.ActiveCfg = Debug|Any CPU
		{4EDAB937-CE9C-42C2-83E7-FF4B1B66B5DA}.Debug|Any CPU.Build.0 = Debug|Any CPU
		{4EDAB937-CE9C-42C2-83E7-FF4B1B66B5DA}.Release|Any CPU.ActiveCfg = Release|Any CPU
		{4EDAB937-CE9C-42C2-83E7-FF4B1B66B5DA}.Release|Any CPU.Build.0 = Release|Any CPU
	EndGlobalSection
	GlobalSection(SolutionProperties) = preSolution
		HideSolutionNode = FALSE
	EndGlobalSection
	GlobalSection(ExtensibilityGlobals) = postSolution
		SolutionGuid = {CE98BFB0-B6C9-4D23-8E44-02F097A69727}
	EndGlobalSection
EndGlobal
