
Microsoft Visual Studio Solution File, Format Version 12.00
# Visual Studio Version 17
VisualStudioVersion = 17.14.36301.6 d17.14
MinimumVisualStudioVersion = 10.0.40219.1
Project("{FAE04EC0-301F-11D3-BF4B-00C04F79EFBC}") = "Order_manager", "Order_manager\Order_manager.csproj", "{F464B51F-8256-4264-85AF-2A8A6669DE79}"
EndProject
Global
	GlobalSection(SolutionConfigurationPlatforms) = preSolution
		Debug|Any CPU = Debug|Any CPU
		Release|Any CPU = Release|Any CPU
	EndGlobalSection
	GlobalSection(ProjectConfigurationPlatforms) = postSolution
		{F464B51F-8256-4264-85AF-2A8A6669DE79}.Debug|Any CPU.ActiveCfg = Debug|Any CPU
		{F464B51F-8256-4264-85AF-2A8A6669DE79}.Debug|Any CPU.Build.0 = Debug|Any CPU
		{F464B51F-8256-4264-85AF-2A8A6669DE79}.Release|Any CPU.ActiveCfg = Release|Any CPU
		{F464B51F-8256-4264-85AF-2A8A6669DE79}.Release|Any CPU.Build.0 = Release|Any CPU
	EndGlobalSection
	GlobalSection(SolutionProperties) = preSolution
		HideSolutionNode = FALSE
	EndGlobalSection
	GlobalSection(ExtensibilityGlobals) = postSolution
		SolutionGuid = {65084742-6650-41EA-972B-595D7358F9EC}
	EndGlobalSection
EndGlobal
